
Microsoft Visual Studio Solution File, Format Version 12.00
# Visual Studio 14
VisualStudioVersion = 14.0.24720.0
MinimumVisualStudioVersion = 10.0.40219.1
Project("{FAE04EC0-301F-11D3-BF4B-00C04F79EFBC}") = "RiksTV.HomeTaskApplication", "RiksTV.HomeTaskApplication\RiksTV.HomeTaskApplication.csproj", "{F615E075-6F57-4548-A776-A07D3F7AEF6A}"
EndProject
Project("{FAE04EC0-301F-11D3-BF4B-00C04F79EFBC}") = "RiksTV.HomeTaskApplication.Tests", "RiksTV.HomeTaskApplication.Tests\RiksTV.HomeTaskApplication.Tests.csproj", "{4795993E-7999-4EBA-A0AE-BA8335B824F5}"
EndProject
Project("{FAE04EC0-301F-11D3-BF4B-00C04F79EFBC}") = "RiksTV.HomeTaskApplication.PlacesProviderInterface", "RiksTV.HomeTaskApplication.PlacesProviderInterface\RiksTV.HomeTaskApplication.PlacesProviderInterface.csproj", "{076DE405-D7CD-451E-A17B-AF0702961355}"
EndProject
Project("{FAE04EC0-301F-11D3-BF4B-00C04F79EFBC}") = "RiksTV.HomeTaskApplication.CacheProviderInterface", "RiksTV.HomeTaskApplication.CacheProviderInterface\RiksTV.HomeTaskApplication.CacheProviderInterface.csproj", "{763EC801-18E5-4F13-8E8C-E434D9251228}"
EndProject
Project("{FAE04EC0-301F-11D3-BF4B-00C04F79EFBC}") = "RiksTV.Lib.GooglePlacesProvider", "RiksTV.Lib.GooglePlacesProvider\RiksTV.Lib.GooglePlacesProvider.csproj", "{C42B303E-069E-4189-A152-ED22EBE47780}"
EndProject
Project("{FAE04EC0-301F-11D3-BF4B-00C04F79EFBC}") = "RiksTV.Lib.SimpleCacheProvider", "RiksTV.Lib.SimpleCacheProvider\RiksTV.Lib.SimpleCacheProvider.csproj", "{B9F1B002-E9F2-4524-8095-4B35DEDA1CC6}"
EndProject
Global
	GlobalSection(SolutionConfigurationPlatforms) = preSolution
		Debug|Any CPU = Debug|Any CPU
		Release|Any CPU = Release|Any CPU
	EndGlobalSection
	GlobalSection(ProjectConfigurationPlatforms) = postSolution
		{F615E075-6F57-4548-A776-A07D3F7AEF6A}.Debug|Any CPU.ActiveCfg = Debug|Any CPU
		{F615E075-6F57-4548-A776-A07D3F7AEF6A}.Debug|Any CPU.Build.0 = Debug|Any CPU
		{F615E075-6F57-4548-A776-A07D3F7AEF6A}.Release|Any CPU.ActiveCfg = Release|Any CPU
		{F615E075-6F57-4548-A776-A07D3F7AEF6A}.Release|Any CPU.Build.0 = Release|Any CPU
		{4795993E-7999-4EBA-A0AE-BA8335B824F5}.Debug|Any CPU.ActiveCfg = Debug|Any CPU
		{4795993E-7999-4EBA-A0AE-BA8335B824F5}.Debug|Any CPU.Build.0 = Debug|Any CPU
		{4795993E-7999-4EBA-A0AE-BA8335B824F5}.Release|Any CPU.ActiveCfg = Release|Any CPU
		{4795993E-7999-4EBA-A0AE-BA8335B824F5}.Release|Any CPU.Build.0 = Release|Any CPU
		{076DE405-D7CD-451E-A17B-AF0702961355}.Debug|Any CPU.ActiveCfg = Debug|Any CPU
		{076DE405-D7CD-451E-A17B-AF0702961355}.Debug|Any CPU.Build.0 = Debug|Any CPU
		{076DE405-D7CD-451E-A17B-AF0702961355}.Release|Any CPU.ActiveCfg = Release|Any CPU
		{076DE405-D7CD-451E-A17B-AF0702961355}.Release|Any CPU.Build.0 = Release|Any CPU
		{763EC801-18E5-4F13-8E8C-E434D9251228}.Debug|Any CPU.ActiveCfg = Debug|Any CPU
		{763EC801-18E5-4F13-8E8C-E434D9251228}.Debug|Any CPU.Build.0 = Debug|Any CPU
		{763EC801-18E5-4F13-8E8C-E434D9251228}.Release|Any CPU.ActiveCfg = Release|Any CPU
		{763EC801-18E5-4F13-8E8C-E434D9251228}.Release|Any CPU.Build.0 = Release|Any CPU
		{C42B303E-069E-4189-A152-ED22EBE47780}.Debug|Any CPU.ActiveCfg = Debug|Any CPU
		{C42B303E-069E-4189-A152-ED22EBE47780}.Debug|Any CPU.Build.0 = Debug|Any CPU
		{C42B303E-069E-4189-A152-ED22EBE47780}.Release|Any CPU.ActiveCfg = Release|Any CPU
		{C42B303E-069E-4189-A152-ED22EBE47780}.Release|Any CPU.Build.0 = Release|Any CPU
		{B9F1B002-E9F2-4524-8095-4B35DEDA1CC6}.Debug|Any CPU.ActiveCfg = Debug|Any CPU
		{B9F1B002-E9F2-4524-8095-4B35DEDA1CC6}.Debug|Any CPU.Build.0 = Debug|Any CPU
		{B9F1B002-E9F2-4524-8095-4B35DEDA1CC6}.Release|Any CPU.ActiveCfg = Release|Any CPU
		{B9F1B002-E9F2-4524-8095-4B35DEDA1CC6}.Release|Any CPU.Build.0 = Release|Any CPU
	EndGlobalSection
	GlobalSection(SolutionProperties) = preSolution
		HideSolutionNode = FALSE
	EndGlobalSection
EndGlobal
